// !$*UTF8*$!
{
	archiveVersion = 1;
	classes = {
	};
	objectVersion = 46;
	objects = {

/* Begin PBXBuildFile section */
		0613A3CD1C9A5AE5008FD601 /* AppDelegate.swift in Sources */ = {isa = PBXBuildFile; fileRef = 0613A3CC1C9A5AE5008FD601 /* AppDelegate.swift */; };
		0613A3D21C9A5AE6008FD601 /* Main.storyboard in Resources */ = {isa = PBXBuildFile; fileRef = 0613A3D01C9A5AE6008FD601 /* Main.storyboard */; };
		0613A3D41C9A5AE6008FD601 /* Assets.xcassets in Resources */ = {isa = PBXBuildFile; fileRef = 0613A3D31C9A5AE6008FD601 /* Assets.xcassets */; };
		0613A3D71C9A5AE6008FD601 /* LaunchScreen.storyboard in Resources */ = {isa = PBXBuildFile; fileRef = 0613A3D51C9A5AE6008FD601 /* LaunchScreen.storyboard */; };
		0613A3E21C9A5AE6008FD601 /* CountMeInTests.swift in Sources */ = {isa = PBXBuildFile; fileRef = 0613A3E11C9A5AE6008FD601 /* CountMeInTests.swift */; };
		0613A3ED1C9A5AE6008FD601 /* CountMeInUITests.swift in Sources */ = {isa = PBXBuildFile; fileRef = 0613A3EC1C9A5AE6008FD601 /* CountMeInUITests.swift */; };
		0613A4111C9A78F8008FD601 /* Common.swift in Sources */ = {isa = PBXBuildFile; fileRef = 0613A4061C9A78F8008FD601 /* Common.swift */; };
		0613A4121C9A78F8008FD601 /* CALayer+Addition.swift in Sources */ = {isa = PBXBuildFile; fileRef = 0613A4081C9A78F8008FD601 /* CALayer+Addition.swift */; };
		0613A4131C9A78F8008FD601 /* CFButton.swift in Sources */ = {isa = PBXBuildFile; fileRef = 0613A4091C9A78F8008FD601 /* CFButton.swift */; };
		0613A4141C9A78F8008FD601 /* GhostButton.swift in Sources */ = {isa = PBXBuildFile; fileRef = 0613A40A1C9A78F8008FD601 /* GhostButton.swift */; };
		0613A4151C9A78F8008FD601 /* NSString+Expand.swift in Sources */ = {isa = PBXBuildFile; fileRef = 0613A40B1C9A78F8008FD601 /* NSString+Expand.swift */; };
		0613A4161C9A78F8008FD601 /* UIButton+Custom.swift in Sources */ = {isa = PBXBuildFile; fileRef = 0613A40C1C9A78F8008FD601 /* UIButton+Custom.swift */; };
		0613A4171C9A78F8008FD601 /* UICommon.swift in Sources */ = {isa = PBXBuildFile; fileRef = 0613A40D1C9A78F8008FD601 /* UICommon.swift */; };
		0613A4181C9A78F8008FD601 /* UITableView+NodataView.swift in Sources */ = {isa = PBXBuildFile; fileRef = 0613A40E1C9A78F8008FD601 /* UITableView+NodataView.swift */; };
		0613A4191C9A78F8008FD601 /* UIView+XIBEdit.swift in Sources */ = {isa = PBXBuildFile; fileRef = 0613A40F1C9A78F8008FD601 /* UIView+XIBEdit.swift */; };
		0613A41A1C9A78F8008FD601 /* ViewCell.swift in Sources */ = {isa = PBXBuildFile; fileRef = 0613A4101C9A78F8008FD601 /* ViewCell.swift */; };
		0613A4241C9A7990008FD601 /* Kingfisher.framework in Frameworks */ = {isa = PBXBuildFile; fileRef = 0613A4221C9A7989008FD601 /* Kingfisher.framework */; };
		0613A4251C9A7990008FD601 /* Kingfisher.framework in Embed Frameworks */ = {isa = PBXBuildFile; fileRef = 0613A4221C9A7989008FD601 /* Kingfisher.framework */; settings = {ATTRIBUTES = (CodeSignOnCopy, RemoveHeadersOnCopy, ); }; };
		0613A4271C9A7993008FD601 /* Alamofire.framework in Frameworks */ = {isa = PBXBuildFile; fileRef = 0613A4201C9A797E008FD601 /* Alamofire.framework */; };
		0613A4281C9A7993008FD601 /* Alamofire.framework in Embed Frameworks */ = {isa = PBXBuildFile; fileRef = 0613A4201C9A797E008FD601 /* Alamofire.framework */; settings = {ATTRIBUTES = (CodeSignOnCopy, RemoveHeadersOnCopy, ); }; };
/* End PBXBuildFile section */

/* Begin PBXContainerItemProxy section */
		0613A3DE1C9A5AE6008FD601 /* PBXContainerItemProxy */ = {
			isa = PBXContainerItemProxy;
			containerPortal = 0613A3C11C9A5AE5008FD601 /* Project object */;
			proxyType = 1;
			remoteGlobalIDString = 0613A3C81C9A5AE5008FD601;
			remoteInfo = CountMeIn;
		};
		0613A3E91C9A5AE6008FD601 /* PBXContainerItemProxy */ = {
			isa = PBXContainerItemProxy;
			containerPortal = 0613A3C11C9A5AE5008FD601 /* Project object */;
			proxyType = 1;
			remoteGlobalIDString = 0613A3C81C9A5AE5008FD601;
			remoteInfo = CountMeIn;
		};
/* End PBXContainerItemProxy section */

/* Begin PBXCopyFilesBuildPhase section */
		0613A4261C9A7990008FD601 /* Embed Frameworks */ = {
			isa = PBXCopyFilesBuildPhase;
			buildActionMask = 2147483647;
			dstPath = "";
			dstSubfolderSpec = 10;
			files = (
				0613A4251C9A7990008FD601 /* Kingfisher.framework in Embed Frameworks */,
				0613A4281C9A7993008FD601 /* Alamofire.framework in Embed Frameworks */,
			);
			name = "Embed Frameworks";
			runOnlyForDeploymentPostprocessing = 0;
		};
/* End PBXCopyFilesBuildPhase section */

/* Begin PBXFileReference section */
		0613A3C91C9A5AE5008FD601 /* CountMeIn.app */ = {isa = PBXFileReference; explicitFileType = wrapper.application; includeInIndex = 0; path = CountMeIn.app; sourceTree = BUILT_PRODUCTS_DIR; };
		0613A3CC1C9A5AE5008FD601 /* AppDelegate.swift */ = {isa = PBXFileReference; lastKnownFileType = sourcecode.swift; path = AppDelegate.swift; sourceTree = "<group>"; };
		0613A3D11C9A5AE6008FD601 /* Base */ = {isa = PBXFileReference; lastKnownFileType = file.storyboard; name = Base; path = Base.lproj/Main.storyboard; sourceTree = "<group>"; };
		0613A3D31C9A5AE6008FD601 /* Assets.xcassets */ = {isa = PBXFileReference; lastKnownFileType = folder.assetcatalog; path = Assets.xcassets; sourceTree = "<group>"; };
		0613A3D61C9A5AE6008FD601 /* Base */ = {isa = PBXFileReference; lastKnownFileType = file.storyboard; name = Base; path = Base.lproj/LaunchScreen.storyboard; sourceTree = "<group>"; };
		0613A3D81C9A5AE6008FD601 /* Info.plist */ = {isa = PBXFileReference; lastKnownFileType = text.plist.xml; path = Info.plist; sourceTree = "<group>"; };
		0613A3DD1C9A5AE6008FD601 /* CountMeInTests.xctest */ = {isa = PBXFileReference; explicitFileType = wrapper.cfbundle; includeInIndex = 0; path = CountMeInTests.xctest; sourceTree = BUILT_PRODUCTS_DIR; };
		0613A3E11C9A5AE6008FD601 /* CountMeInTests.swift */ = {isa = PBXFileReference; lastKnownFileType = sourcecode.swift; path = CountMeInTests.swift; sourceTree = "<group>"; };
		0613A3E31C9A5AE6008FD601 /* Info.plist */ = {isa = PBXFileReference; lastKnownFileType = text.plist.xml; path = Info.plist; sourceTree = "<group>"; };
		0613A3E81C9A5AE6008FD601 /* CountMeInUITests.xctest */ = {isa = PBXFileReference; explicitFileType = wrapper.cfbundle; includeInIndex = 0; path = CountMeInUITests.xctest; sourceTree = BUILT_PRODUCTS_DIR; };
		0613A3EC1C9A5AE6008FD601 /* CountMeInUITests.swift */ = {isa = PBXFileReference; lastKnownFileType = sourcecode.swift; path = CountMeInUITests.swift; sourceTree = "<group>"; };
		0613A3EE1C9A5AE6008FD601 /* Info.plist */ = {isa = PBXFileReference; lastKnownFileType = text.plist.xml; path = Info.plist; sourceTree = "<group>"; };
		0613A4061C9A78F8008FD601 /* Common.swift */ = {isa = PBXFileReference; fileEncoding = 4; lastKnownFileType = sourcecode.swift; path = Common.swift; sourceTree = "<group>"; };
		0613A4081C9A78F8008FD601 /* CALayer+Addition.swift */ = {isa = PBXFileReference; fileEncoding = 4; lastKnownFileType = sourcecode.swift; path = "CALayer+Addition.swift"; sourceTree = "<group>"; };
		0613A4091C9A78F8008FD601 /* CFButton.swift */ = {isa = PBXFileReference; fileEncoding = 4; lastKnownFileType = sourcecode.swift; path = CFButton.swift; sourceTree = "<group>"; };
		0613A40A1C9A78F8008FD601 /* GhostButton.swift */ = {isa = PBXFileReference; fileEncoding = 4; lastKnownFileType = sourcecode.swift; path = GhostButton.swift; sourceTree = "<group>"; };
		0613A40B1C9A78F8008FD601 /* NSString+Expand.swift */ = {isa = PBXFileReference; fileEncoding = 4; lastKnownFileType = sourcecode.swift; path = "NSString+Expand.swift"; sourceTree = "<group>"; };
		0613A40C1C9A78F8008FD601 /* UIButton+Custom.swift */ = {isa = PBXFileReference; fileEncoding = 4; lastKnownFileType = sourcecode.swift; path = "UIButton+Custom.swift"; sourceTree = "<group>"; };
		0613A40D1C9A78F8008FD601 /* UICommon.swift */ = {isa = PBXFileReference; fileEncoding = 4; lastKnownFileType = sourcecode.swift; path = UICommon.swift; sourceTree = "<group>"; };
		0613A40E1C9A78F8008FD601 /* UITableView+NodataView.swift */ = {isa = PBXFileReference; fileEncoding = 4; lastKnownFileType = sourcecode.swift; path = "UITableView+NodataView.swift"; sourceTree = "<group>"; };
		0613A40F1C9A78F8008FD601 /* UIView+XIBEdit.swift */ = {isa = PBXFileReference; fileEncoding = 4; lastKnownFileType = sourcecode.swift; path = "UIView+XIBEdit.swift"; sourceTree = "<group>"; };
		0613A4101C9A78F8008FD601 /* ViewCell.swift */ = {isa = PBXFileReference; fileEncoding = 4; lastKnownFileType = sourcecode.swift; path = ViewCell.swift; sourceTree = "<group>"; };
		0613A4201C9A797E008FD601 /* Alamofire.framework */ = {isa = PBXFileReference; lastKnownFileType = wrapper.framework; path = Alamofire.framework; sourceTree = "<group>"; };
		0613A4221C9A7989008FD601 /* Kingfisher.framework */ = {isa = PBXFileReference; lastKnownFileType = wrapper.framework; path = Kingfisher.framework; sourceTree = "<group>"; };
/* End PBXFileReference section */

/* Begin PBXFrameworksBuildPhase section */
		0613A3C61C9A5AE5008FD601 /* Frameworks */ = {
			isa = PBXFrameworksBuildPhase;
			buildActionMask = 2147483647;
			files = (
				0613A4241C9A7990008FD601 /* Kingfisher.framework in Frameworks */,
				0613A4271C9A7993008FD601 /* Alamofire.framework in Frameworks */,
			);
			runOnlyForDeploymentPostprocessing = 0;
		};
		0613A3DA1C9A5AE6008FD601 /* Frameworks */ = {
			isa = PBXFrameworksBuildPhase;
			buildActionMask = 2147483647;
			files = (
			);
			runOnlyForDeploymentPostprocessing = 0;
		};
		0613A3E51C9A5AE6008FD601 /* Frameworks */ = {
			isa = PBXFrameworksBuildPhase;
			buildActionMask = 2147483647;
			files = (
			);
			runOnlyForDeploymentPostprocessing = 0;
		};
/* End PBXFrameworksBuildPhase section */

/* Begin PBXGroup section */
		0613A3C01C9A5AE5008FD601 = {
			isa = PBXGroup;
			children = (
				0613A3CB1C9A5AE5008FD601 /* CountMeIn */,
				0613A3E01C9A5AE6008FD601 /* CountMeInTests */,
				0613A3EB1C9A5AE6008FD601 /* CountMeInUITests */,
				0613A3CA1C9A5AE5008FD601 /* Products */,
			);
			sourceTree = "<group>";
		};
		0613A3CA1C9A5AE5008FD601 /* Products */ = {
			isa = PBXGroup;
			children = (
				0613A3C91C9A5AE5008FD601 /* CountMeIn.app */,
				0613A3DD1C9A5AE6008FD601 /* CountMeInTests.xctest */,
				0613A3E81C9A5AE6008FD601 /* CountMeInUITests.xctest */,
			);
			name = Products;
			sourceTree = "<group>";
		};
		0613A3CB1C9A5AE5008FD601 /* CountMeIn */ = {
			isa = PBXGroup;
			children = (
				0613A4041C9A5EA3008FD601 /* Resource */,
				0613A3FB1C9A5E8B008FD601 /* Lib */,
				0613A3FE1C9A5E8B008FD601 /* Model */,
				0613A3FF1C9A5E8B008FD601 /* RESTful */,
				0613A4001C9A5E8B008FD601 /* Src */,
				0613A4011C9A5E8B008FD601 /* Util */,
				0613A3FA1C9A5E6B008FD601 /* Others */,
			);
			path = CountMeIn;
			sourceTree = "<group>";
		};
		0613A3E01C9A5AE6008FD601 /* CountMeInTests */ = {
			isa = PBXGroup;
			children = (
				0613A3E11C9A5AE6008FD601 /* CountMeInTests.swift */,
				0613A3E31C9A5AE6008FD601 /* Info.plist */,
			);
			path = CountMeInTests;
			sourceTree = "<group>";
		};
		0613A3EB1C9A5AE6008FD601 /* CountMeInUITests */ = {
			isa = PBXGroup;
			children = (
				0613A3EC1C9A5AE6008FD601 /* CountMeInUITests.swift */,
				0613A3EE1C9A5AE6008FD601 /* Info.plist */,
			);
			path = CountMeInUITests;
			sourceTree = "<group>";
		};
		0613A3FA1C9A5E6B008FD601 /* Others */ = {
			isa = PBXGroup;
			children = (
				0613A3CC1C9A5AE5008FD601 /* AppDelegate.swift */,
				0613A3D01C9A5AE6008FD601 /* Main.storyboard */,
				0613A3D31C9A5AE6008FD601 /* Assets.xcassets */,
				0613A3D51C9A5AE6008FD601 /* LaunchScreen.storyboard */,
				0613A3D81C9A5AE6008FD601 /* Info.plist */,
			);
			name = Others;
			sourceTree = "<group>";
		};
		0613A3FB1C9A5E8B008FD601 /* Lib */ = {
			isa = PBXGroup;
			children = (
				0613A4221C9A7989008FD601 /* Kingfisher.framework */,
				0613A4201C9A797E008FD601 /* Alamofire.framework */,
			);
			path = Lib;
			sourceTree = "<group>";
		};
		0613A3FE1C9A5E8B008FD601 /* Model */ = {
			isa = PBXGroup;
			children = (
			);
			path = Model;
			sourceTree = "<group>";
		};
		0613A3FF1C9A5E8B008FD601 /* RESTful */ = {
			isa = PBXGroup;
			children = (
			);
			path = RESTful;
			sourceTree = "<group>";
		};
		0613A4001C9A5E8B008FD601 /* Src */ = {
			isa = PBXGroup;
			children = (
			);
			path = Src;
			sourceTree = "<group>";
		};
		0613A4011C9A5E8B008FD601 /* Util */ = {
			isa = PBXGroup;
			children = (
				0613A4061C9A78F8008FD601 /* Common.swift */,
				0613A4071C9A78F8008FD601 /* Xib Helper */,
			);
			path = Util;
			sourceTree = "<group>";
		};
		0613A4041C9A5EA3008FD601 /* Resource */ = {
			isa = PBXGroup;
			children = (
				0613A4051C9A5EA3008FD601 /* Image */,
			);
			path = Resource;
			sourceTree = "<group>";
		};
		0613A4051C9A5EA3008FD601 /* Image */ = {
			isa = PBXGroup;
			children = (
			);
			path = Image;
			sourceTree = "<group>";
		};
		0613A4071C9A78F8008FD601 /* Xib Helper */ = {
			isa = PBXGroup;
			children = (
				0613A4081C9A78F8008FD601 /* CALayer+Addition.swift */,
				0613A4091C9A78F8008FD601 /* CFButton.swift */,
				0613A40A1C9A78F8008FD601 /* GhostButton.swift */,
				0613A40B1C9A78F8008FD601 /* NSString+Expand.swift */,
				0613A40C1C9A78F8008FD601 /* UIButton+Custom.swift */,
				0613A40D1C9A78F8008FD601 /* UICommon.swift */,
				0613A40E1C9A78F8008FD601 /* UITableView+NodataView.swift */,
				0613A40F1C9A78F8008FD601 /* UIView+XIBEdit.swift */,
				0613A4101C9A78F8008FD601 /* ViewCell.swift */,
			);
			path = "Xib Helper";
			sourceTree = "<group>";
		};
/* End PBXGroup section */

/* Begin PBXNativeTarget section */
		0613A3C81C9A5AE5008FD601 /* CountMeIn */ = {
			isa = PBXNativeTarget;
			buildConfigurationList = 0613A3F11C9A5AE6008FD601 /* Build configuration list for PBXNativeTarget "CountMeIn" */;
			buildPhases = (
				0613A3C51C9A5AE5008FD601 /* Sources */,
				0613A3C61C9A5AE5008FD601 /* Frameworks */,
				0613A3C71C9A5AE5008FD601 /* Resources */,
				0613A4261C9A7990008FD601 /* Embed Frameworks */,
			);
			buildRules = (
			);
			dependencies = (
			);
			name = CountMeIn;
			productName = CountMeIn;
			productReference = 0613A3C91C9A5AE5008FD601 /* CountMeIn.app */;
			productType = "com.apple.product-type.application";
		};
		0613A3DC1C9A5AE6008FD601 /* CountMeInTests */ = {
			isa = PBXNativeTarget;
			buildConfigurationList = 0613A3F41C9A5AE6008FD601 /* Build configuration list for PBXNativeTarget "CountMeInTests" */;
			buildPhases = (
				0613A3D91C9A5AE6008FD601 /* Sources */,
				0613A3DA1C9A5AE6008FD601 /* Frameworks */,
				0613A3DB1C9A5AE6008FD601 /* Resources */,
			);
			buildRules = (
			);
			dependencies = (
				0613A3DF1C9A5AE6008FD601 /* PBXTargetDependency */,
			);
			name = CountMeInTests;
			productName = CountMeInTests;
			productReference = 0613A3DD1C9A5AE6008FD601 /* CountMeInTests.xctest */;
			productType = "com.apple.product-type.bundle.unit-test";
		};
		0613A3E71C9A5AE6008FD601 /* CountMeInUITests */ = {
			isa = PBXNativeTarget;
			buildConfigurationList = 0613A3F71C9A5AE6008FD601 /* Build configuration list for PBXNativeTarget "CountMeInUITests" */;
			buildPhases = (
				0613A3E41C9A5AE6008FD601 /* Sources */,
				0613A3E51C9A5AE6008FD601 /* Frameworks */,
				0613A3E61C9A5AE6008FD601 /* Resources */,
			);
			buildRules = (
			);
			dependencies = (
				0613A3EA1C9A5AE6008FD601 /* PBXTargetDependency */,
			);
			name = CountMeInUITests;
			productName = CountMeInUITests;
			productReference = 0613A3E81C9A5AE6008FD601 /* CountMeInUITests.xctest */;
			productType = "com.apple.product-type.bundle.ui-testing";
		};
/* End PBXNativeTarget section */

/* Begin PBXProject section */
		0613A3C11C9A5AE5008FD601 /* Project object */ = {
			isa = PBXProject;
			attributes = {
				LastSwiftUpdateCheck = 0720;
				LastUpgradeCheck = 0720;
				ORGANIZATIONNAME = ftzex;
				TargetAttributes = {
					0613A3C81C9A5AE5008FD601 = {
						CreatedOnToolsVersion = 7.2;
						DevelopmentTeam = H6XW4S2SCW;
					};
					0613A3DC1C9A5AE6008FD601 = {
						CreatedOnToolsVersion = 7.2;
						TestTargetID = 0613A3C81C9A5AE5008FD601;
					};
					0613A3E71C9A5AE6008FD601 = {
						CreatedOnToolsVersion = 7.2;
						TestTargetID = 0613A3C81C9A5AE5008FD601;
					};
				};
			};
			buildConfigurationList = 0613A3C41C9A5AE5008FD601 /* Build configuration list for PBXProject "CountMeIn" */;
			compatibilityVersion = "Xcode 3.2";
			developmentRegion = English;
			hasScannedForEncodings = 0;
			knownRegions = (
				en,
				Base,
			);
			mainGroup = 0613A3C01C9A5AE5008FD601;
			productRefGroup = 0613A3CA1C9A5AE5008FD601 /* Products */;
			projectDirPath = "";
			projectRoot = "";
			targets = (
				0613A3C81C9A5AE5008FD601 /* CountMeIn */,
				0613A3DC1C9A5AE6008FD601 /* CountMeInTests */,
				0613A3E71C9A5AE6008FD601 /* CountMeInUITests */,
			);
		};
/* End PBXProject section */

/* Begin PBXResourcesBuildPhase section */
		0613A3C71C9A5AE5008FD601 /* Resources */ = {
			isa = PBXResourcesBuildPhase;
			buildActionMask = 2147483647;
			files = (
				0613A3D71C9A5AE6008FD601 /* LaunchScreen.storyboard in Resources */,
				0613A3D41C9A5AE6008FD601 /* Assets.xcassets in Resources */,
				0613A3D21C9A5AE6008FD601 /* Main.storyboard in Resources */,
			);
			runOnlyForDeploymentPostprocessing = 0;
		};
		0613A3DB1C9A5AE6008FD601 /* Resources */ = {
			isa = PBXResourcesBuildPhase;
			buildActionMask = 2147483647;
			files = (
			);
			runOnlyForDeploymentPostprocessing = 0;
		};
		0613A3E61C9A5AE6008FD601 /* Resources */ = {
			isa = PBXResourcesBuildPhase;
			buildActionMask = 2147483647;
			files = (
			);
			runOnlyForDeploymentPostprocessing = 0;
		};
/* End PBXResourcesBuildPhase section */

/* Begin PBXSourcesBuildPhase section */
		0613A3C51C9A5AE5008FD601 /* Sources */ = {
			isa = PBXSourcesBuildPhase;
			buildActionMask = 2147483647;
			files = (
				0613A4191C9A78F8008FD601 /* UIView+XIBEdit.swift in Sources */,
				0613A4171C9A78F8008FD601 /* UICommon.swift in Sources */,
				0613A41A1C9A78F8008FD601 /* ViewCell.swift in Sources */,
				0613A4111C9A78F8008FD601 /* Common.swift in Sources */,
				0613A4151C9A78F8008FD601 /* NSString+Expand.swift in Sources */,
				0613A4121C9A78F8008FD601 /* CALayer+Addition.swift in Sources */,
				0613A4141C9A78F8008FD601 /* GhostButton.swift in Sources */,
				0613A4131C9A78F8008FD601 /* CFButton.swift in Sources */,
				0613A4181C9A78F8008FD601 /* UITableView+NodataView.swift in Sources */,
				0613A3CD1C9A5AE5008FD601 /* AppDelegate.swift in Sources */,
				0613A4161C9A78F8008FD601 /* UIButton+Custom.swift in Sources */,
			);
			runOnlyForDeploymentPostprocessing = 0;
		};
		0613A3D91C9A5AE6008FD601 /* Sources */ = {
			isa = PBXSourcesBuildPhase;
			buildActionMask = 2147483647;
			files = (
				0613A3E21C9A5AE6008FD601 /* CountMeInTests.swift in Sources */,
			);
			runOnlyForDeploymentPostprocessing = 0;
		};
		0613A3E41C9A5AE6008FD601 /* Sources */ = {
			isa = PBXSourcesBuildPhase;
			buildActionMask = 2147483647;
			files = (
				0613A3ED1C9A5AE6008FD601 /* CountMeInUITests.swift in Sources */,
			);
			runOnlyForDeploymentPostprocessing = 0;
		};
/* End PBXSourcesBuildPhase section */

/* Begin PBXTargetDependency section */
		0613A3DF1C9A5AE6008FD601 /* PBXTargetDependency */ = {
			isa = PBXTargetDependency;
			target = 0613A3C81C9A5AE5008FD601 /* CountMeIn */;
			targetProxy = 0613A3DE1C9A5AE6008FD601 /* PBXContainerItemProxy */;
		};
		0613A3EA1C9A5AE6008FD601 /* PBXTargetDependency */ = {
			isa = PBXTargetDependency;
			target = 0613A3C81C9A5AE5008FD601 /* CountMeIn */;
			targetProxy = 0613A3E91C9A5AE6008FD601 /* PBXContainerItemProxy */;
		};
/* End PBXTargetDependency section */

/* Begin PBXVariantGroup section */
		0613A3D01C9A5AE6008FD601 /* Main.storyboard */ = {
			isa = PBXVariantGroup;
			children = (
				0613A3D11C9A5AE6008FD601 /* Base */,
			);
			name = Main.storyboard;
			sourceTree = "<group>";
		};
		0613A3D51C9A5AE6008FD601 /* LaunchScreen.storyboard */ = {
			isa = PBXVariantGroup;
			children = (
				0613A3D61C9A5AE6008FD601 /* Base */,
			);
			name = LaunchScreen.storyboard;
			sourceTree = "<group>";
		};
/* End PBXVariantGroup section */

/* Begin XCBuildConfiguration section */
		0613A3EF1C9A5AE6008FD601 /* Debug */ = {
			isa = XCBuildConfiguration;
			buildSettings = {
				ALWAYS_SEARCH_USER_PATHS = NO;
				CLANG_CXX_LANGUAGE_STANDARD = "gnu++0x";
				CLANG_CXX_LIBRARY = "libc++";
				CLANG_ENABLE_MODULES = YES;
				CLANG_ENABLE_OBJC_ARC = YES;
				CLANG_WARN_BOOL_CONVERSION = YES;
				CLANG_WARN_CONSTANT_CONVERSION = YES;
				CLANG_WARN_DIRECT_OBJC_ISA_USAGE = YES_ERROR;
				CLANG_WARN_EMPTY_BODY = YES;
				CLANG_WARN_ENUM_CONVERSION = YES;
				CLANG_WARN_INT_CONVERSION = YES;
				CLANG_WARN_OBJC_ROOT_CLASS = YES_ERROR;
				CLANG_WARN_UNREACHABLE_CODE = YES;
				CLANG_WARN__DUPLICATE_METHOD_MATCH = YES;
				"CODE_SIGN_IDENTITY[sdk=iphoneos*]" = "";
				COPY_PHASE_STRIP = NO;
				DEBUG_INFORMATION_FORMAT = dwarf;
				ENABLE_STRICT_OBJC_MSGSEND = YES;
				ENABLE_TESTABILITY = YES;
				GCC_C_LANGUAGE_STANDARD = gnu99;
				GCC_DYNAMIC_NO_PIC = NO;
				GCC_NO_COMMON_BLOCKS = YES;
				GCC_OPTIMIZATION_LEVEL = 0;
				GCC_PREPROCESSOR_DEFINITIONS = (
					"DEBUG=1",
					"$(inherited)",
				);
				GCC_WARN_64_TO_32_BIT_CONVERSION = YES;
				GCC_WARN_ABOUT_RETURN_TYPE = YES_ERROR;
				GCC_WARN_UNDECLARED_SELECTOR = YES;
				GCC_WARN_UNINITIALIZED_AUTOS = YES_AGGRESSIVE;
				GCC_WARN_UNUSED_FUNCTION = YES;
				GCC_WARN_UNUSED_VARIABLE = YES;
				IPHONEOS_DEPLOYMENT_TARGET = 9.2;
				MTL_ENABLE_DEBUG_INFO = YES;
				ONLY_ACTIVE_ARCH = YES;
				PROVISIONING_PROFILE = "7ef6e93b-d384-48bd-b93e-f8274239e6bb";
				SDKROOT = iphoneos;
				SWIFT_OPTIMIZATION_LEVEL = "-Onone";
				TARGETED_DEVICE_FAMILY = "1,2";
			};
			name = Debug;
		};
		0613A3F01C9A5AE6008FD601 /* Release */ = {
			isa = XCBuildConfiguration;
			buildSettings = {
				ALWAYS_SEARCH_USER_PATHS = NO;
				CLANG_CXX_LANGUAGE_STANDARD = "gnu++0x";
				CLANG_CXX_LIBRARY = "libc++";
				CLANG_ENABLE_MODULES = YES;
				CLANG_ENABLE_OBJC_ARC = YES;
				CLANG_WARN_BOOL_CONVERSION = YES;
				CLANG_WARN_CONSTANT_CONVERSION = YES;
				CLANG_WARN_DIRECT_OBJC_ISA_USAGE = YES_ERROR;
				CLANG_WARN_EMPTY_BODY = YES;
				CLANG_WARN_ENUM_CONVERSION = YES;
				CLANG_WARN_INT_CONVERSION = YES;
				CLANG_WARN_OBJC_ROOT_CLASS = YES_ERROR;
				CLANG_WARN_UNREACHABLE_CODE = YES;
				CLANG_WARN__DUPLICATE_METHOD_MATCH = YES;
				CODE_SIGN_IDENTITY = "";
				"CODE_SIGN_IDENTITY[sdk=iphoneos*]" = "";
				COPY_PHASE_STRIP = NO;
				DEBUG_INFORMATION_FORMAT = "dwarf-with-dsym";
				ENABLE_NS_ASSERTIONS = NO;
				ENABLE_STRICT_OBJC_MSGSEND = YES;
				GCC_C_LANGUAGE_STANDARD = gnu99;
				GCC_NO_COMMON_BLOCKS = YES;
				GCC_WARN_64_TO_32_BIT_CONVERSION = YES;
				GCC_WARN_ABOUT_RETURN_TYPE = YES_ERROR;
				GCC_WARN_UNDECLARED_SELECTOR = YES;
				GCC_WARN_UNINITIALIZED_AUTOS = YES_AGGRESSIVE;
				GCC_WARN_UNUSED_FUNCTION = YES;
				GCC_WARN_UNUSED_VARIABLE = YES;
				IPHONEOS_DEPLOYMENT_TARGET = 9.2;
				MTL_ENABLE_DEBUG_INFO = NO;
				PROVISIONING_PROFILE = "f8486281-6845-4ecb-a74f-f0c8be50b5b9";
				SDKROOT = iphoneos;
				TARGETED_DEVICE_FAMILY = "1,2";
				VALIDATE_PRODUCT = YES;
			};
			name = Release;
		};
		0613A3F21C9A5AE6008FD601 /* Debug */ = {
			isa = XCBuildConfiguration;
			buildSettings = {
				ASSETCATALOG_COMPILER_APPICON_NAME = AppIcon;
				CODE_SIGN_IDENTITY = "";
				"CODE_SIGN_IDENTITY[sdk=iphoneos*]" = "";
				FRAMEWORK_SEARCH_PATHS = (
					"$(inherited)",
					"$(PROJECT_DIR)/CountMeIn/Lib",
				);
				INFOPLIST_FILE = CountMeIn/Info.plist;
				LD_RUNPATH_SEARCH_PATHS = "$(inherited) @executable_path/Frameworks";
				PRODUCT_BUNDLE_IDENTIFIER = com.ftzex.CountMeIn;
				PRODUCT_NAME = "$(TARGET_NAME)";
				PROVISIONING_PROFILE = "7ef6e93b-d384-48bd-b93e-f8274239e6bb";
			};
			name = Debug;
		};
		0613A3F31C9A5AE6008FD601 /* Release */ = {
			isa = XCBuildConfiguration;
			buildSettings = {
				ASSETCATALOG_COMPILER_APPICON_NAME = AppIcon;
				CODE_SIGN_IDENTITY = "";
				FRAMEWORK_SEARCH_PATHS = (
					"$(inherited)",
					"$(PROJECT_DIR)/CountMeIn/Lib",
				);
				INFOPLIST_FILE = CountMeIn/Info.plist;
				LD_RUNPATH_SEARCH_PATHS = "$(inherited) @executable_path/Frameworks";
				PRODUCT_BUNDLE_IDENTIFIER = com.ftzex.CountMeIn;
				PRODUCT_NAME = "$(TARGET_NAME)";
				PROVISIONING_PROFILE = "f8486281-6845-4ecb-a74f-f0c8be50b5b9";
			};
			name = Release;
		};
		0613A3F51C9A5AE6008FD601 /* Debug */ = {
			isa = XCBuildConfiguration;
			buildSettings = {
				BUNDLE_LOADER = "$(TEST_HOST)";
				INFOPLIST_FILE = CountMeInTests/Info.plist;
				LD_RUNPATH_SEARCH_PATHS = "$(inherited) @executable_path/Frameworks @loader_path/Frameworks";
				PRODUCT_BUNDLE_IDENTIFIER = com.ftzex.CountMeInTests;
				PRODUCT_NAME = "$(TARGET_NAME)";
				TEST_HOST = "$(BUILT_PRODUCTS_DIR)/CountMeIn.app/CountMeIn";
			};
			name = Debug;
		};
		0613A3F61C9A5AE6008FD601 /* Release */ = {
			isa = XCBuildConfiguration;
			buildSettings = {
				BUNDLE_LOADER = "$(TEST_HOST)";
				INFOPLIST_FILE = CountMeInTests/Info.plist;
				LD_RUNPATH_SEARCH_PATHS = "$(inherited) @executable_path/Frameworks @loader_path/Frameworks";
				PRODUCT_BUNDLE_IDENTIFIER = com.ftzex.CountMeInTests;
				PRODUCT_NAME = "$(TARGET_NAME)";
				TEST_HOST = "$(BUILT_PRODUCTS_DIR)/CountMeIn.app/CountMeIn";
			};
			name = Release;
		};
		0613A3F81C9A5AE6008FD601 /* Debug */ = {
			isa = XCBuildConfiguration;
			buildSettings = {
				INFOPLIST_FILE = CountMeInUITests/Info.plist;
				LD_RUNPATH_SEARCH_PATHS = "$(inherited) @executable_path/Frameworks @loader_path/Frameworks";
				PRODUCT_BUNDLE_IDENTIFIER = com.ftzex.CountMeInUITests;
				PRODUCT_NAME = "$(TARGET_NAME)";
				TEST_TARGET_NAME = CountMeIn;
				USES_XCTRUNNER = YES;
			};
			name = Debug;
		};
		0613A3F91C9A5AE6008FD601 /* Release */ = {
			isa = XCBuildConfiguration;
			buildSettings = {
				INFOPLIST_FILE = CountMeInUITests/Info.plist;
				LD_RUNPATH_SEARCH_PATHS = "$(inherited) @executable_path/Frameworks @loader_path/Frameworks";
				PRODUCT_BUNDLE_IDENTIFIER = com.ftzex.CountMeInUITests;
				PRODUCT_NAME = "$(TARGET_NAME)";
				TEST_TARGET_NAME = CountMeIn;
				USES_XCTRUNNER = YES;
			};
			name = Release;
		};
/* End XCBuildConfiguration section */

/* Begin XCConfigurationList section */
		0613A3C41C9A5AE5008FD601 /* Build configuration list for PBXProject "CountMeIn" */ = {
			isa = XCConfigurationList;
			buildConfigurations = (
				0613A3EF1C9A5AE6008FD601 /* Debug */,
				0613A3F01C9A5AE6008FD601 /* Release */,
			);
			defaultConfigurationIsVisible = 0;
			defaultConfigurationName = Release;
		};
		0613A3F11C9A5AE6008FD601 /* Build configuration list for PBXNativeTarget "CountMeIn" */ = {
			isa = XCConfigurationList;
			buildConfigurations = (
				0613A3F21C9A5AE6008FD601 /* Debug */,
				0613A3F31C9A5AE6008FD601 /* Release */,
			);
			defaultConfigurationIsVisible = 0;
			defaultConfigurationName = Release;
		};
		0613A3F41C9A5AE6008FD601 /* Build configuration list for PBXNativeTarget "CountMeInTests" */ = {
			isa = XCConfigurationList;
			buildConfigurations = (
				0613A3F51C9A5AE6008FD601 /* Debug */,
				0613A3F61C9A5AE6008FD601 /* Release */,
			);
			defaultConfigurationIsVisible = 0;
			defaultConfigurationName = Release;
		};
		0613A3F71C9A5AE6008FD601 /* Build configuration list for PBXNativeTarget "CountMeInUITests" */ = {
			isa = XCConfigurationList;
			buildConfigurations = (
				0613A3F81C9A5AE6008FD601 /* Debug */,
				0613A3F91C9A5AE6008FD601 /* Release */,
			);
			defaultConfigurationIsVisible = 0;
			defaultConfigurationName = Release;
		};
/* End XCConfigurationList section */
	};
	rootObject = 0613A3C11C9A5AE5008FD601 /* Project object */;
}
